
Microsoft Visual Studio Solution File, Format Version 12.00
# Visual Studio Version 17
VisualStudioVersion = 17.9.34723.18
MinimumVisualStudioVersion = 10.0.40219.1
Project("{FAE04EC0-301F-11D3-BF4B-00C04F79EFBC}") = "ASP_NET_razor_page_static_17-04-2024", "ASP_NET_razor_page_static_17-04-2024\ASP_NET_razor_page_static_17-04-2024.csproj", "{E67C830B-624A-4675-A623-D829FFD8FBCD}"
EndProject
Global
	GlobalSection(SolutionConfigurationPlatforms) = preSolution
		Debug|Any CPU = Debug|Any CPU
		Release|Any CPU = Release|Any CPU
	EndGlobalSection
	GlobalSection(ProjectConfigurationPlatforms) = postSolution
		{E67C830B-624A-4675-A623-D829FFD8FBCD}.Debug|Any CPU.ActiveCfg = Debug|Any CPU
		{E67C830B-624A-4675-A623-D829FFD8FBCD}.Debug|Any CPU.Build.0 = Debug|Any CPU
		{E67C830B-624A-4675-A623-D829FFD8FBCD}.Release|Any CPU.ActiveCfg = Release|Any CPU
		{E67C830B-624A-4675-A623-D829FFD8FBCD}.Release|Any CPU.Build.0 = Release|Any CPU
	EndGlobalSection
	GlobalSection(SolutionProperties) = preSolution
		HideSolutionNode = FALSE
	EndGlobalSection
	GlobalSection(ExtensibilityGlobals) = postSolution
		SolutionGuid = {A8A15461-64A9-4876-81F7-A4DDD02E3369}
	EndGlobalSection
EndGlobal
